
Microsoft Visual Studio Solution File, Format Version 12.00
# Visual Studio Version 17
VisualStudioVersion = 17.5.33516.290
MinimumVisualStudioVersion = 10.0.40219.1
Project("{FAE04EC0-301F-11D3-BF4B-00C04F79EFBC}") = "largestelement", "largestelement.csproj", "{90D085D6-20B3-4CCA-9DEC-41B0F7BED94B}"
EndProject
Global
	GlobalSection(SolutionConfigurationPlatforms) = preSolution
		Debug|Any CPU = Debug|Any CPU
		Release|Any CPU = Release|Any CPU
	EndGlobalSection
	GlobalSection(ProjectConfigurationPlatforms) = postSolution
		{90D085D6-20B3-4CCA-9DEC-41B0F7BED94B}.Debug|Any CPU.ActiveCfg = Debug|Any CPU
		{90D085D6-20B3-4CCA-9DEC-41B0F7BED94B}.Debug|Any CPU.Build.0 = Debug|Any CPU
		{90D085D6-20B3-4CCA-9DEC-41B0F7BED94B}.Release|Any CPU.ActiveCfg = Release|Any CPU
		{90D085D6-20B3-4CCA-9DEC-41B0F7BED94B}.Release|Any CPU.Build.0 = Release|Any CPU
	EndGlobalSection
	GlobalSection(SolutionProperties) = preSolution
		HideSolutionNode = FALSE
	EndGlobalSection
	GlobalSection(ExtensibilityGlobals) = postSolution
		SolutionGuid = {17D6E6BC-DAE1-4603-B9D4-49DA535C02CE}
	EndGlobalSection
EndGlobal
